
Microsoft Visual Studio Solution File, Format Version 12.00
# Visual Studio Version 17
VisualStudioVersion = 17.3.32819.101
MinimumVisualStudioVersion = 10.0.40219.1
Project("{FAE04EC0-301F-11D3-BF4B-00C04F79EFBC}") = "ClientsManager.App", "ClientsManager.App\ClientsManager.App.csproj", "{3AEC6ED6-BAE9-4F75-9E15-E9E995ED82F9}"
EndProject
Global
	GlobalSection(SolutionConfigurationPlatforms) = preSolution
		Debug|Any CPU = Debug|Any CPU
		Release|Any CPU = Release|Any CPU
	EndGlobalSection
	GlobalSection(ProjectConfigurationPlatforms) = postSolution
		{3AEC6ED6-BAE9-4F75-9E15-E9E995ED82F9}.Debug|Any CPU.ActiveCfg = Debug|Any CPU
		{3AEC6ED6-BAE9-4F75-9E15-E9E995ED82F9}.Debug|Any CPU.Build.0 = Debug|Any CPU
		{3AEC6ED6-BAE9-4F75-9E15-E9E995ED82F9}.Release|Any CPU.ActiveCfg = Release|Any CPU
		{3AEC6ED6-BAE9-4F75-9E15-E9E995ED82F9}.Release|Any CPU.Build.0 = Release|Any CPU
	EndGlobalSection
	GlobalSection(SolutionProperties) = preSolution
		HideSolutionNode = FALSE
	EndGlobalSection
	GlobalSection(ExtensibilityGlobals) = postSolution
		SolutionGuid = {018E5B7E-78EC-4647-B07D-BCDF4223ED4F}
	EndGlobalSection
EndGlobal
